
Microsoft Visual Studio Solution File, Format Version 12.00
# Visual Studio 14
VisualStudioVersion = 14.0.25420.1
MinimumVisualStudioVersion = 10.0.40219.1
Project("{FAE04EC0-301F-11D3-BF4B-00C04F79EFBC}") = "dracak", "dracak\dracak.csproj", "{21C51B13-F39E-451E-938E-23B0A5ACFD84}"
EndProject
Global
	GlobalSection(SolutionConfigurationPlatforms) = preSolution
		Debug|Any CPU = Debug|Any CPU
		Release|Any CPU = Release|Any CPU
	EndGlobalSection
	GlobalSection(ProjectConfigurationPlatforms) = postSolution
		{21C51B13-F39E-451E-938E-23B0A5ACFD84}.Debug|Any CPU.ActiveCfg = Debug|Any CPU
		{21C51B13-F39E-451E-938E-23B0A5ACFD84}.Debug|Any CPU.Build.0 = Debug|Any CPU
		{21C51B13-F39E-451E-938E-23B0A5ACFD84}.Release|Any CPU.ActiveCfg = Release|Any CPU
		{21C51B13-F39E-451E-938E-23B0A5ACFD84}.Release|Any CPU.Build.0 = Release|Any CPU
	EndGlobalSection
	GlobalSection(SolutionProperties) = preSolution
		HideSolutionNode = FALSE
	EndGlobalSection
EndGlobal
